
Microsoft Visual Studio Solution File, Format Version 12.00
Project("{FAE04EC0-301F-11D3-BF4B-00C04F79EFBC}") = "Lab_10", "Lab_10\Lab_10.csproj", "{B8818010-8CD0-400E-942F-03EC61F3DA09}"
EndProject
Global
	GlobalSection(SolutionConfigurationPlatforms) = preSolution
		Debug|Any CPU = Debug|Any CPU
		Release|Any CPU = Release|Any CPU
	EndGlobalSection
	GlobalSection(ProjectConfigurationPlatforms) = postSolution
		{B8818010-8CD0-400E-942F-03EC61F3DA09}.Debug|Any CPU.ActiveCfg = Debug|Any CPU
		{B8818010-8CD0-400E-942F-03EC61F3DA09}.Debug|Any CPU.Build.0 = Debug|Any CPU
		{B8818010-8CD0-400E-942F-03EC61F3DA09}.Release|Any CPU.ActiveCfg = Release|Any CPU
		{B8818010-8CD0-400E-942F-03EC61F3DA09}.Release|Any CPU.Build.0 = Release|Any CPU
	EndGlobalSection
EndGlobal
